
Microsoft Visual Studio Solution File, Format Version 12.00
# Visual Studio Version 17
VisualStudioVersion = 17.3.32819.101
MinimumVisualStudioVersion = 10.0.40219.1
Project("{FAE04EC0-301F-11D3-BF4B-00C04F79EFBC}") = "Business", "Business\Business.csproj", "{8EDCB432-57C2-4C6A-9C38-775F37801854}"
EndProject
Project("{FAE04EC0-301F-11D3-BF4B-00C04F79EFBC}") = "WebAPI", "WebAPI\WebAPI.csproj", "{46352CB1-14BB-4663-8230-2909BE6D7449}"
EndProject
Project("{FAE04EC0-301F-11D3-BF4B-00C04F79EFBC}") = "Core", "Core\Core.csproj", "{AC0B678E-9654-4CA6-B02A-C42D1F7028B3}"
EndProject
Project("{FAE04EC0-301F-11D3-BF4B-00C04F79EFBC}") = "DataAccess", "DataAccess\DataAccess.csproj", "{83531CB7-3D94-4C21-83F1-7509305D0BC0}"
EndProject
Project("{FAE04EC0-301F-11D3-BF4B-00C04F79EFBC}") = "Entities", "Entities\Entities.csproj", "{2EC41D3D-42BA-475B-B430-F58E78BCB7C7}"
EndProject
Global
	GlobalSection(SolutionConfigurationPlatforms) = preSolution
		Debug|Any CPU = Debug|Any CPU
		Release|Any CPU = Release|Any CPU
	EndGlobalSection
	GlobalSection(ProjectConfigurationPlatforms) = postSolution
		{8EDCB432-57C2-4C6A-9C38-775F37801854}.Debug|Any CPU.ActiveCfg = Debug|Any CPU
		{8EDCB432-57C2-4C6A-9C38-775F37801854}.Debug|Any CPU.Build.0 = Debug|Any CPU
		{8EDCB432-57C2-4C6A-9C38-775F37801854}.Release|Any CPU.ActiveCfg = Release|Any CPU
		{8EDCB432-57C2-4C6A-9C38-775F37801854}.Release|Any CPU.Build.0 = Release|Any CPU
		{46352CB1-14BB-4663-8230-2909BE6D7449}.Debug|Any CPU.ActiveCfg = Debug|Any CPU
		{46352CB1-14BB-4663-8230-2909BE6D7449}.Debug|Any CPU.Build.0 = Debug|Any CPU
		{46352CB1-14BB-4663-8230-2909BE6D7449}.Release|Any CPU.ActiveCfg = Release|Any CPU
		{46352CB1-14BB-4663-8230-2909BE6D7449}.Release|Any CPU.Build.0 = Release|Any CPU
		{AC0B678E-9654-4CA6-B02A-C42D1F7028B3}.Debug|Any CPU.ActiveCfg = Debug|Any CPU
		{AC0B678E-9654-4CA6-B02A-C42D1F7028B3}.Debug|Any CPU.Build.0 = Debug|Any CPU
		{AC0B678E-9654-4CA6-B02A-C42D1F7028B3}.Release|Any CPU.ActiveCfg = Release|Any CPU
		{AC0B678E-9654-4CA6-B02A-C42D1F7028B3}.Release|Any CPU.Build.0 = Release|Any CPU
		{83531CB7-3D94-4C21-83F1-7509305D0BC0}.Debug|Any CPU.ActiveCfg = Debug|Any CPU
		{83531CB7-3D94-4C21-83F1-7509305D0BC0}.Debug|Any CPU.Build.0 = Debug|Any CPU
		{83531CB7-3D94-4C21-83F1-7509305D0BC0}.Release|Any CPU.ActiveCfg = Release|Any CPU
		{83531CB7-3D94-4C21-83F1-7509305D0BC0}.Release|Any CPU.Build.0 = Release|Any CPU
		{2EC41D3D-42BA-475B-B430-F58E78BCB7C7}.Debug|Any CPU.ActiveCfg = Debug|Any CPU
		{2EC41D3D-42BA-475B-B430-F58E78BCB7C7}.Debug|Any CPU.Build.0 = Debug|Any CPU
		{2EC41D3D-42BA-475B-B430-F58E78BCB7C7}.Release|Any CPU.ActiveCfg = Release|Any CPU
		{2EC41D3D-42BA-475B-B430-F58E78BCB7C7}.Release|Any CPU.Build.0 = Release|Any CPU
	EndGlobalSection
	GlobalSection(SolutionProperties) = preSolution
		HideSolutionNode = FALSE
	EndGlobalSection
	GlobalSection(ExtensibilityGlobals) = postSolution
		SolutionGuid = {5594FC85-0628-4F2D-AF5B-E6AE33A34569}
	EndGlobalSection
EndGlobal
